{
  "nodes": {
    "nixpkgs": {
      "locked": {
        "lastModified": 1731139594,
        "narHash": "sha256-IigrKK3vYRpUu+HEjPL/phrfh7Ox881er1UEsZvw9Q4=",
        "owner": "nixos",
        "repo": "nixpkgs",
        "rev": "76612b17c0ce71689921ca12d9ffdc9c23ce40b2",
        "type": "github"
      },
      "original": {
        "owner": "nixos",
        "ref": "nixos-unstable",
        "repo": "nixpkgs",
        "type": "github"
      }
    },
    "root": {
      "inputs": {
        "nixpkgs": "nixpkgs",
        "treefmt-nix": "treefmt-nix"
      }
    },
    "treefmt-nix": {
      "inputs": {
        "nixpkgs": [
          "nixpkgs"
        ]
      },
      "locked": {
        "lastModified": 1730321837,
        "narHash": "sha256-vK+a09qq19QNu2MlLcvN4qcRctJbqWkX7ahgPZ/+maI=",
        "owner": "numtide",
        "repo": "treefmt-nix",
        "rev": "746901bb8dba96d154b66492a29f5db0693dbfcc",
        "type": "github"
      },
      "original": {
        "owner": "numtide",
        "repo": "treefmt-nix",
        "type": "github"
      }
    }
  },
  "root": "root",
  "version": 7
}
