{
  "nodes": {
    "LazyVim": {
      "flake": false,
      "locked": {
        "lastModified": 1726685189,
        "narHash": "sha256-476RmsqCHUXm6EhTevcj2idjlKfk99grqAk87F3D8bQ=",
        "owner": "LazyVim",
        "repo": "LazyVim",
        "rev": "a1c3ec4cd43fe61e3b614237a46ac92771191c81",
        "type": "github"
      },
      "original": {
        "owner": "LazyVim",
        "ref": "main",
        "repo": "LazyVim",
        "type": "github"
      }
    },
    "bufferline.nvim": {
      "flake": false,
      "locked": {
        "lastModified": 1721303864,
        "narHash": "sha256-VjusgJ3nEc+P/3bRjdS93qAErn6PZh7YkAAjxFF6Dxk=",
        "owner": "akinsho",
        "repo": "bufferline.nvim",
        "rev": "0b2fd861eee7595015b6561dade52fb060be10c4",
        "type": "github"
      },
      "original": {
        "owner": "akinsho",
        "ref": "main",
        "repo": "bufferline.nvim",
        "type": "github"
      }
    },
    "catppuccin": {
      "flake": false,
      "locked": {
        "lastModified": 1726377217,
        "narHash": "sha256-9fEESnT8KSlng+naqVlyrRJnnbRGE0RxTSSGO0gcSKw=",
        "owner": "catppuccin",
        "repo": "nvim",
        "rev": "63685e1562ef53873c9764b483d7ac5c7a608922",
        "type": "github"
      },
      "original": {
        "owner": "catppuccin",
        "ref": "main",
        "repo": "nvim",
        "type": "github"
      }
    },
    "lazy.nvim": {
      "flake": false,
      "locked": {
        "lastModified": 1726474661,
        "narHash": "sha256-Atu3GTH7HAH5TnOFn8Ew6n/XqLgaVZgi+SCaHHsa7HU=",
        "owner": "folke",
        "repo": "lazy.nvim",
        "rev": "460e1cd8f24e364d54543a4b0e83f6f4ec1f65fb",
        "type": "github"
      },
      "original": {
        "owner": "folke",
        "ref": "main",
        "repo": "lazy.nvim",
        "type": "github"
      }
    },
    "lualine.nvim": {
      "flake": false,
      "locked": {
        "lastModified": 1723473562,
        "narHash": "sha256-gCm7m96PkZyrgjmt7Efc+NMZKStAq1zr7JRCYOgGDuE=",
        "owner": "nvim-lualine",
        "repo": "lualine.nvim",
        "rev": "b431d228b7bbcdaea818bdc3e25b8cdbe861f056",
        "type": "github"
      },
      "original": {
        "owner": "nvim-lualine",
        "ref": "master",
        "repo": "lualine.nvim",
        "type": "github"
      }
    },
    "root": {
      "inputs": {
        "LazyVim": "LazyVim",
        "bufferline.nvim": "bufferline.nvim",
        "catppuccin": "catppuccin",
        "lazy.nvim": "lazy.nvim",
        "lualine.nvim": "lualine.nvim"
      }
    }
  },
  "root": "root",
  "version": 7
}
